{
  "meteor": {},
  "dependencies": {
    "basePackages": {
      "moment-alternative": {},
      "bootstrap3-less": {},
      "paginated-subscription": {}
    },
    "packages": {
      "moment-alternative": {
        "git": "https://github.com/acreeger/meteor-moment.git",
        "tag": "v2.1.0.3",
        "commit": "ab7d2dd2f5035b9eb011cc8ddb34d24da4b18cde"
      },
      "bootstrap3-less": {
        "git": "https://github.com/eprochasson/bootstrap3-less",
        "tag": "v0.1.1",
        "commit": "82d3e32b6a44bad7bd439b9e02ce33161e58996d"
      },
      "paginated-subscription": {
        "git": "https://github.com/tmeasday/meteor-paginated-subscription.git",
        "tag": "v0.1.2",
        "commit": "35e0c6112df2b4cfeb60b559276a93cac5ee2dd6"
      }
    }
  }
}
